
Microsoft Visual Studio Solution File, Format Version 12.00
# Visual Studio Version 17
VisualStudioVersion = 17.13.35931.197 d17.13
MinimumVisualStudioVersion = 10.0.40219.1
Project("{FAE04EC0-301F-11D3-BF4B-00C04F79EFBC}") = "CAFE DELIGHT", "CAFE DELIGHT.csproj", "{58F682E1-3BE0-4AF0-BC6B-A1FE0048CC9B}"
EndProject
Global
	GlobalSection(SolutionConfigurationPlatforms) = preSolution
		Debug|Any CPU = Debug|Any CPU
		Release|Any CPU = Release|Any CPU
	EndGlobalSection
	GlobalSection(ProjectConfigurationPlatforms) = postSolution
		{58F682E1-3BE0-4AF0-BC6B-A1FE0048CC9B}.Debug|Any CPU.ActiveCfg = Debug|Any CPU
		{58F682E1-3BE0-4AF0-BC6B-A1FE0048CC9B}.Debug|Any CPU.Build.0 = Debug|Any CPU
		{58F682E1-3BE0-4AF0-BC6B-A1FE0048CC9B}.Release|Any CPU.ActiveCfg = Release|Any CPU
		{58F682E1-3BE0-4AF0-BC6B-A1FE0048CC9B}.Release|Any CPU.Build.0 = Release|Any CPU
	EndGlobalSection
	GlobalSection(SolutionProperties) = preSolution
		HideSolutionNode = FALSE
	EndGlobalSection
	GlobalSection(ExtensibilityGlobals) = postSolution
		SolutionGuid = {639B471F-FF87-4A80-89A9-D58CCAF196AB}
	EndGlobalSection
EndGlobal
